
Microsoft Visual Studio Solution File, Format Version 12.00
# Visual Studio Version 16
VisualStudioVersion = 16.0.30225.117
MinimumVisualStudioVersion = 10.0.40219.1
Project("{9A19103F-16F7-4668-BE54-9A1E7A4F7556}") = "CodePlus.ApiGateway", "CodePlus.ApiGateway.csproj", "{8DA74BB1-36C6-44CB-BB32-9DF58ABA039B}"
EndProject
Global
	GlobalSection(SolutionConfigurationPlatforms) = preSolution
		Debug|Any CPU = Debug|Any CPU
		Release|Any CPU = Release|Any CPU
	EndGlobalSection
	GlobalSection(ProjectConfigurationPlatforms) = postSolution
		{8DA74BB1-36C6-44CB-BB32-9DF58ABA039B}.Debug|Any CPU.ActiveCfg = Debug|Any CPU
		{8DA74BB1-36C6-44CB-BB32-9DF58ABA039B}.Debug|Any CPU.Build.0 = Debug|Any CPU
		{8DA74BB1-36C6-44CB-BB32-9DF58ABA039B}.Release|Any CPU.ActiveCfg = Release|Any CPU
		{8DA74BB1-36C6-44CB-BB32-9DF58ABA039B}.Release|Any CPU.Build.0 = Release|Any CPU
	EndGlobalSection
	GlobalSection(SolutionProperties) = preSolution
		HideSolutionNode = FALSE
	EndGlobalSection
	GlobalSection(ExtensibilityGlobals) = postSolution
		SolutionGuid = {95D56488-1F7F-4D51-8A00-FE643FD4D0F2}
	EndGlobalSection
EndGlobal
